{
  "name": "sqlite-cross-target-wasm-js-host",
  "lockfileVersion": 3,
  "requires": true,
  "packages": {
    "": {
      "name": "sqlite-cross-target-wasm-js-host",
      "dependencies": {
        "@sqlite.org/sqlite-wasm": "3.51.2-build8"
      }
    },
    "node_modules/@sqlite.org/sqlite-wasm": {
      "version": "3.51.2-build8",
      "resolved": "https://registry.npmjs.org/@sqlite.org/sqlite-wasm/-/sqlite-wasm-3.51.2-build8.tgz",
      "integrity": "sha512-NvWLTgbqGu1XOLKxePE5Jvc5bzy6QACAQLURQnumSFm0hQms09r2rjMp5i1rvh1DXCe5Rx1FEGcEeQ9BnBB2+Q==",
      "license": "Apache-2.0",
      "engines": {
        "node": ">=22"
      }
    }
  }
}
